
Microsoft Visual Studio Solution File, Format Version 12.00
# Visual Studio Version 17
VisualStudioVersion = 17.6.33829.357
MinimumVisualStudioVersion = 10.0.40219.1
Project("{FAE04EC0-301F-11D3-BF4B-00C04F79EFBC}") = "TW", "TW.csproj", "{6F116914-683D-4564-AA4F-51A7DCA8270A}"
EndProject
Global
	GlobalSection(SolutionConfigurationPlatforms) = preSolution
		Debug|Any CPU = Debug|Any CPU
		Release|Any CPU = Release|Any CPU
	EndGlobalSection
	GlobalSection(ProjectConfigurationPlatforms) = postSolution
		{6F116914-683D-4564-AA4F-51A7DCA8270A}.Debug|Any CPU.ActiveCfg = Debug|Any CPU
		{6F116914-683D-4564-AA4F-51A7DCA8270A}.Debug|Any CPU.Build.0 = Debug|Any CPU
		{6F116914-683D-4564-AA4F-51A7DCA8270A}.Release|Any CPU.ActiveCfg = Release|Any CPU
		{6F116914-683D-4564-AA4F-51A7DCA8270A}.Release|Any CPU.Build.0 = Release|Any CPU
	EndGlobalSection
	GlobalSection(SolutionProperties) = preSolution
		HideSolutionNode = FALSE
	EndGlobalSection
	GlobalSection(ExtensibilityGlobals) = postSolution
		SolutionGuid = {D3EE299D-DCD7-406B-96BE-CA67B98F9D6C}
	EndGlobalSection
EndGlobal
